// !$*UTF8*$!
{
	archiveVersion = 1;
	classes = {
	};
	objectVersion = 56;
	objects = {

/* Begin PBXBuildFile section */
		C731AE452C9DDFBA00A74170 /* IMCApp.swift in Sources */ = {isa = PBXBuildFile; fileRef = C731AE442C9DDFBA00A74170 /* IMCApp.swift */; };
		C731AE472C9DDFBA00A74170 /* ContentView.swift in Sources */ = {isa = PBXBuildFile; fileRef = C731AE462C9DDFBA00A74170 /* ContentView.swift */; };
		C731AE492C9DDFBC00A74170 /* Assets.xcassets in Resources */ = {isa = PBXBuildFile; fileRef = C731AE482C9DDFBC00A74170 /* Assets.xcassets */; };
		C731AE4C2C9DDFBC00A74170 /* Preview Assets.xcassets in Resources */ = {isa = PBXBuildFile; fileRef = C731AE4B2C9DDFBC00A74170 /* Preview Assets.xcassets */; };
		C731AE562C9DDFBC00A74170 /* IMCTests.swift in Sources */ = {isa = PBXBuildFile; fileRef = C731AE552C9DDFBC00A74170 /* IMCTests.swift */; };
		C731AE602C9DDFBC00A74170 /* IMCUITests.swift in Sources */ = {isa = PBXBuildFile; fileRef = C731AE5F2C9DDFBC00A74170 /* IMCUITests.swift */; };
		C731AE622C9DDFBC00A74170 /* IMCUITestsLaunchTests.swift in Sources */ = {isa = PBXBuildFile; fileRef = C731AE612C9DDFBC00A74170 /* IMCUITestsLaunchTests.swift */; };
/* End PBXBuildFile section */

/* Begin PBXContainerItemProxy section */
		C731AE522C9DDFBC00A74170 /* PBXContainerItemProxy */ = {
			isa = PBXContainerItemProxy;
			containerPortal = C731AE392C9DDFBA00A74170 /* Project object */;
			proxyType = 1;
			remoteGlobalIDString = C731AE402C9DDFBA00A74170;
			remoteInfo = IMC;
		};
		C731AE5C2C9DDFBC00A74170 /* PBXContainerItemProxy */ = {
			isa = PBXContainerItemProxy;
			containerPortal = C731AE392C9DDFBA00A74170 /* Project object */;
			proxyType = 1;
			remoteGlobalIDString = C731AE402C9DDFBA00A74170;
			remoteInfo = IMC;
		};
/* End PBXContainerItemProxy section */

/* Begin PBXFileReference section */
		C731AE412C9DDFBA00A74170 /* IMC.app */ = {isa = PBXFileReference; explicitFileType = wrapper.application; includeInIndex = 0; path = IMC.app; sourceTree = BUILT_PRODUCTS_DIR; };
		C731AE442C9DDFBA00A74170 /* IMCApp.swift */ = {isa = PBXFileReference; lastKnownFileType = sourcecode.swift; path = IMCApp.swift; sourceTree = "<group>"; };
		C731AE462C9DDFBA00A74170 /* ContentView.swift */ = {isa = PBXFileReference; lastKnownFileType = sourcecode.swift; path = ContentView.swift; sourceTree = "<group>"; };
		C731AE482C9DDFBC00A74170 /* Assets.xcassets */ = {isa = PBXFileReference; lastKnownFileType = folder.assetcatalog; path = Assets.xcassets; sourceTree = "<group>"; };
		C731AE4B2C9DDFBC00A74170 /* Preview Assets.xcassets */ = {isa = PBXFileReference; lastKnownFileType = folder.assetcatalog; path = "Preview Assets.xcassets"; sourceTree = "<group>"; };
		C731AE512C9DDFBC00A74170 /* IMCTests.xctest */ = {isa = PBXFileReference; explicitFileType = wrapper.cfbundle; includeInIndex = 0; path = IMCTests.xctest; sourceTree = BUILT_PRODUCTS_DIR; };
		C731AE552C9DDFBC00A74170 /* IMCTests.swift */ = {isa = PBXFileReference; lastKnownFileType = sourcecode.swift; path = IMCTests.swift; sourceTree = "<group>"; };
		C731AE5B2C9DDFBC00A74170 /* IMCUITests.xctest */ = {isa = PBXFileReference; explicitFileType = wrapper.cfbundle; includeInIndex = 0; path = IMCUITests.xctest; sourceTree = BUILT_PRODUCTS_DIR; };
		C731AE5F2C9DDFBC00A74170 /* IMCUITests.swift */ = {isa = PBXFileReference; lastKnownFileType = sourcecode.swift; path = IMCUITests.swift; sourceTree = "<group>"; };
		C731AE612C9DDFBC00A74170 /* IMCUITestsLaunchTests.swift */ = {isa = PBXFileReference; lastKnownFileType = sourcecode.swift; path = IMCUITestsLaunchTests.swift; sourceTree = "<group>"; };
/* End PBXFileReference section */

/* Begin PBXFrameworksBuildPhase section */
		C731AE3E2C9DDFBA00A74170 /* Frameworks */ = {
			isa = PBXFrameworksBuildPhase;
			buildActionMask = 2147483647;
			files = (
			);
			runOnlyForDeploymentPostprocessing = 0;
		};
		C731AE4E2C9DDFBC00A74170 /* Frameworks */ = {
			isa = PBXFrameworksBuildPhase;
			buildActionMask = 2147483647;
			files = (
			);
			runOnlyForDeploymentPostprocessing = 0;
		};
		C731AE582C9DDFBC00A74170 /* Frameworks */ = {
			isa = PBXFrameworksBuildPhase;
			buildActionMask = 2147483647;
			files = (
			);
			runOnlyForDeploymentPostprocessing = 0;
		};
/* End PBXFrameworksBuildPhase section */

/* Begin PBXGroup section */
		C731AE382C9DDFBA00A74170 = {
			isa = PBXGroup;
			children = (
				C731AE432C9DDFBA00A74170 /* IMC */,
				C731AE542C9DDFBC00A74170 /* IMCTests */,
				C731AE5E2C9DDFBC00A74170 /* IMCUITests */,
				C731AE422C9DDFBA00A74170 /* Products */,
			);
			sourceTree = "<group>";
		};
		C731AE422C9DDFBA00A74170 /* Products */ = {
			isa = PBXGroup;
			children = (
				C731AE412C9DDFBA00A74170 /* IMC.app */,
				C731AE512C9DDFBC00A74170 /* IMCTests.xctest */,
				C731AE5B2C9DDFBC00A74170 /* IMCUITests.xctest */,
			);
			name = Products;
			sourceTree = "<group>";
		};
		C731AE432C9DDFBA00A74170 /* IMC */ = {
			isa = PBXGroup;
			children = (
				C731AE442C9DDFBA00A74170 /* IMCApp.swift */,
				C731AE462C9DDFBA00A74170 /* ContentView.swift */,
				C731AE482C9DDFBC00A74170 /* Assets.xcassets */,
				C731AE4A2C9DDFBC00A74170 /* Preview Content */,
			);
			path = IMC;
			sourceTree = "<group>";
		};
		C731AE4A2C9DDFBC00A74170 /* Preview Content */ = {
			isa = PBXGroup;
			children = (
				C731AE4B2C9DDFBC00A74170 /* Preview Assets.xcassets */,
			);
			path = "Preview Content";
			sourceTree = "<group>";
		};
		C731AE542C9DDFBC00A74170 /* IMCTests */ = {
			isa = PBXGroup;
			children = (
				C731AE552C9DDFBC00A74170 /* IMCTests.swift */,
			);
			path = IMCTests;
			sourceTree = "<group>";
		};
		C731AE5E2C9DDFBC00A74170 /* IMCUITests */ = {
			isa = PBXGroup;
			children = (
				C731AE5F2C9DDFBC00A74170 /* IMCUITests.swift */,
				C731AE612C9DDFBC00A74170 /* IMCUITestsLaunchTests.swift */,
			);
			path = IMCUITests;
			sourceTree = "<group>";
		};
/* End PBXGroup section */

/* Begin PBXNativeTarget section */
		C731AE402C9DDFBA00A74170 /* IMC */ = {
			isa = PBXNativeTarget;
			buildConfigurationList = C731AE652C9DDFBC00A74170 /* Build configuration list for PBXNativeTarget "IMC" */;
			buildPhases = (
				C731AE3D2C9DDFBA00A74170 /* Sources */,
				C731AE3E2C9DDFBA00A74170 /* Frameworks */,
				C731AE3F2C9DDFBA00A74170 /* Resources */,
			);
			buildRules = (
			);
			dependencies = (
			);
			name = IMC;
			productName = IMC;
			productReference = C731AE412C9DDFBA00A74170 /* IMC.app */;
			productType = "com.apple.product-type.application";
		};
		C731AE502C9DDFBC00A74170 /* IMCTests */ = {
			isa = PBXNativeTarget;
			buildConfigurationList = C731AE682C9DDFBC00A74170 /* Build configuration list for PBXNativeTarget "IMCTests" */;
			buildPhases = (
				C731AE4D2C9DDFBC00A74170 /* Sources */,
				C731AE4E2C9DDFBC00A74170 /* Frameworks */,
				C731AE4F2C9DDFBC00A74170 /* Resources */,
			);
			buildRules = (
			);
			dependencies = (
				C731AE532C9DDFBC00A74170 /* PBXTargetDependency */,
			);
			name = IMCTests;
			productName = IMCTests;
			productReference = C731AE512C9DDFBC00A74170 /* IMCTests.xctest */;
			productType = "com.apple.product-type.bundle.unit-test";
		};
		C731AE5A2C9DDFBC00A74170 /* IMCUITests */ = {
			isa = PBXNativeTarget;
			buildConfigurationList = C731AE6B2C9DDFBC00A74170 /* Build configuration list for PBXNativeTarget "IMCUITests" */;
			buildPhases = (
				C731AE572C9DDFBC00A74170 /* Sources */,
				C731AE582C9DDFBC00A74170 /* Frameworks */,
				C731AE592C9DDFBC00A74170 /* Resources */,
			);
			buildRules = (
			);
			dependencies = (
				C731AE5D2C9DDFBC00A74170 /* PBXTargetDependency */,
			);
			name = IMCUITests;
			productName = IMCUITests;
			productReference = C731AE5B2C9DDFBC00A74170 /* IMCUITests.xctest */;
			productType = "com.apple.product-type.bundle.ui-testing";
		};
/* End PBXNativeTarget section */

/* Begin PBXProject section */
		C731AE392C9DDFBA00A74170 /* Project object */ = {
			isa = PBXProject;
			attributes = {
				BuildIndependentTargetsInParallel = 1;
				LastSwiftUpdateCheck = 1540;
				LastUpgradeCheck = 1540;
				TargetAttributes = {
					C731AE402C9DDFBA00A74170 = {
						CreatedOnToolsVersion = 15.4;
					};
					C731AE502C9DDFBC00A74170 = {
						CreatedOnToolsVersion = 15.4;
						TestTargetID = C731AE402C9DDFBA00A74170;
					};
					C731AE5A2C9DDFBC00A74170 = {
						CreatedOnToolsVersion = 15.4;
						TestTargetID = C731AE402C9DDFBA00A74170;
					};
				};
			};
			buildConfigurationList = C731AE3C2C9DDFBA00A74170 /* Build configuration list for PBXProject "IMC" */;
			compatibilityVersion = "Xcode 14.0";
			developmentRegion = en;
			hasScannedForEncodings = 0;
			knownRegions = (
				en,
				Base,
			);
			mainGroup = C731AE382C9DDFBA00A74170;
			productRefGroup = C731AE422C9DDFBA00A74170 /* Products */;
			projectDirPath = "";
			projectRoot = "";
			targets = (
				C731AE402C9DDFBA00A74170 /* IMC */,
				C731AE502C9DDFBC00A74170 /* IMCTests */,
				C731AE5A2C9DDFBC00A74170 /* IMCUITests */,
			);
		};
/* End PBXProject section */

/* Begin PBXResourcesBuildPhase section */
		C731AE3F2C9DDFBA00A74170 /* Resources */ = {
			isa = PBXResourcesBuildPhase;
			buildActionMask = 2147483647;
			files = (
				C731AE4C2C9DDFBC00A74170 /* Preview Assets.xcassets in Resources */,
				C731AE492C9DDFBC00A74170 /* Assets.xcassets in Resources */,
			);
			runOnlyForDeploymentPostprocessing = 0;
		};
		C731AE4F2C9DDFBC00A74170 /* Resources */ = {
			isa = PBXResourcesBuildPhase;
			buildActionMask = 2147483647;
			files = (
			);
			runOnlyForDeploymentPostprocessing = 0;
		};
		C731AE592C9DDFBC00A74170 /* Resources */ = {
			isa = PBXResourcesBuildPhase;
			buildActionMask = 2147483647;
			files = (
			);
			runOnlyForDeploymentPostprocessing = 0;
		};
/* End PBXResourcesBuildPhase section */

/* Begin PBXSourcesBuildPhase section */
		C731AE3D2C9DDFBA00A74170 /* Sources */ = {
			isa = PBXSourcesBuildPhase;
			buildActionMask = 2147483647;
			files = (
				C731AE472C9DDFBA00A74170 /* ContentView.swift in Sources */,
				C731AE452C9DDFBA00A74170 /* IMCApp.swift in Sources */,
			);
			runOnlyForDeploymentPostprocessing = 0;
		};
		C731AE4D2C9DDFBC00A74170 /* Sources */ = {
			isa = PBXSourcesBuildPhase;
			buildActionMask = 2147483647;
			files = (
				C731AE562C9DDFBC00A74170 /* IMCTests.swift in Sources */,
			);
			runOnlyForDeploymentPostprocessing = 0;
		};
		C731AE572C9DDFBC00A74170 /* Sources */ = {
			isa = PBXSourcesBuildPhase;
			buildActionMask = 2147483647;
			files = (
				C731AE622C9DDFBC00A74170 /* IMCUITestsLaunchTests.swift in Sources */,
				C731AE602C9DDFBC00A74170 /* IMCUITests.swift in Sources */,
			);
			runOnlyForDeploymentPostprocessing = 0;
		};
/* End PBXSourcesBuildPhase section */

/* Begin PBXTargetDependency section */
		C731AE532C9DDFBC00A74170 /* PBXTargetDependency */ = {
			isa = PBXTargetDependency;
			target = C731AE402C9DDFBA00A74170 /* IMC */;
			targetProxy = C731AE522C9DDFBC00A74170 /* PBXContainerItemProxy */;
		};
		C731AE5D2C9DDFBC00A74170 /* PBXTargetDependency */ = {
			isa = PBXTargetDependency;
			target = C731AE402C9DDFBA00A74170 /* IMC */;
			targetProxy = C731AE5C2C9DDFBC00A74170 /* PBXContainerItemProxy */;
		};
/* End PBXTargetDependency section */

/* Begin XCBuildConfiguration section */
		C731AE632C9DDFBC00A74170 /* Debug */ = {
			isa = XCBuildConfiguration;
			buildSettings = {
				ALWAYS_SEARCH_USER_PATHS = NO;
				ASSETCATALOG_COMPILER_GENERATE_SWIFT_ASSET_SYMBOL_EXTENSIONS = YES;
				CLANG_ANALYZER_NONNULL = YES;
				CLANG_ANALYZER_NUMBER_OBJECT_CONVERSION = YES_AGGRESSIVE;
				CLANG_CXX_LANGUAGE_STANDARD = "gnu++20";
				CLANG_ENABLE_MODULES = YES;
				CLANG_ENABLE_OBJC_ARC = YES;
				CLANG_ENABLE_OBJC_WEAK = YES;
				CLANG_WARN_BLOCK_CAPTURE_AUTORELEASING = YES;
				CLANG_WARN_BOOL_CONVERSION = YES;
				CLANG_WARN_COMMA = YES;
				CLANG_WARN_CONSTANT_CONVERSION = YES;
				CLANG_WARN_DEPRECATED_OBJC_IMPLEMENTATIONS = YES;
				CLANG_WARN_DIRECT_OBJC_ISA_USAGE = YES_ERROR;
				CLANG_WARN_DOCUMENTATION_COMMENTS = YES;
				CLANG_WARN_EMPTY_BODY = YES;
				CLANG_WARN_ENUM_CONVERSION = YES;
				CLANG_WARN_INFINITE_RECURSION = YES;
				CLANG_WARN_INT_CONVERSION = YES;
				CLANG_WARN_NON_LITERAL_NULL_CONVERSION = YES;
				CLANG_WARN_OBJC_IMPLICIT_RETAIN_SELF = YES;
				CLANG_WARN_OBJC_LITERAL_CONVERSION = YES;
				CLANG_WARN_OBJC_ROOT_CLASS = YES_ERROR;
				CLANG_WARN_QUOTED_INCLUDE_IN_FRAMEWORK_HEADER = YES;
				CLANG_WARN_RANGE_LOOP_ANALYSIS = YES;
				CLANG_WARN_STRICT_PROTOTYPES = YES;
				CLANG_WARN_SUSPICIOUS_MOVE = YES;
				CLANG_WARN_UNGUARDED_AVAILABILITY = YES_AGGRESSIVE;
				CLANG_WARN_UNREACHABLE_CODE = YES;
				CLANG_WARN__DUPLICATE_METHOD_MATCH = YES;
				COPY_PHASE_STRIP = NO;
				DEBUG_INFORMATION_FORMAT = dwarf;
				ENABLE_STRICT_OBJC_MSGSEND = YES;
				ENABLE_TESTABILITY = YES;
				ENABLE_USER_SCRIPT_SANDBOXING = YES;
				GCC_C_LANGUAGE_STANDARD = gnu17;
				GCC_DYNAMIC_NO_PIC = NO;
				GCC_NO_COMMON_BLOCKS = YES;
				GCC_OPTIMIZATION_LEVEL = 0;
				GCC_PREPROCESSOR_DEFINITIONS = (
					"DEBUG=1",
					"$(inherited)",
				);
				GCC_WARN_64_TO_32_BIT_CONVERSION = YES;
				GCC_WARN_ABOUT_RETURN_TYPE = YES_ERROR;
				GCC_WARN_UNDECLARED_SELECTOR = YES;
				GCC_WARN_UNINITIALIZED_AUTOS = YES_AGGRESSIVE;
				GCC_WARN_UNUSED_FUNCTION = YES;
				GCC_WARN_UNUSED_VARIABLE = YES;
				IPHONEOS_DEPLOYMENT_TARGET = 17.5;
				LOCALIZATION_PREFERS_STRING_CATALOGS = YES;
				MTL_ENABLE_DEBUG_INFO = INCLUDE_SOURCE;
				MTL_FAST_MATH = YES;
				ONLY_ACTIVE_ARCH = YES;
				SDKROOT = iphoneos;
				SWIFT_ACTIVE_COMPILATION_CONDITIONS = "DEBUG $(inherited)";
				SWIFT_OPTIMIZATION_LEVEL = "-Onone";
			};
			name = Debug;
		};
		C731AE642C9DDFBC00A74170 /* Release */ = {
			isa = XCBuildConfiguration;
			buildSettings = {
				ALWAYS_SEARCH_USER_PATHS = NO;
				ASSETCATALOG_COMPILER_GENERATE_SWIFT_ASSET_SYMBOL_EXTENSIONS = YES;
				CLANG_ANALYZER_NONNULL = YES;
				CLANG_ANALYZER_NUMBER_OBJECT_CONVERSION = YES_AGGRESSIVE;
				CLANG_CXX_LANGUAGE_STANDARD = "gnu++20";
				CLANG_ENABLE_MODULES = YES;
				CLANG_ENABLE_OBJC_ARC = YES;
				CLANG_ENABLE_OBJC_WEAK = YES;
				CLANG_WARN_BLOCK_CAPTURE_AUTORELEASING = YES;
				CLANG_WARN_BOOL_CONVERSION = YES;
				CLANG_WARN_COMMA = YES;
				CLANG_WARN_CONSTANT_CONVERSION = YES;
				CLANG_WARN_DEPRECATED_OBJC_IMPLEMENTATIONS = YES;
				CLANG_WARN_DIRECT_OBJC_ISA_USAGE = YES_ERROR;
				CLANG_WARN_DOCUMENTATION_COMMENTS = YES;
				CLANG_WARN_EMPTY_BODY = YES;
				CLANG_WARN_ENUM_CONVERSION = YES;
				CLANG_WARN_INFINITE_RECURSION = YES;
				CLANG_WARN_INT_CONVERSION = YES;
				CLANG_WARN_NON_LITERAL_NULL_CONVERSION = YES;
				CLANG_WARN_OBJC_IMPLICIT_RETAIN_SELF = YES;
				CLANG_WARN_OBJC_LITERAL_CONVERSION = YES;
				CLANG_WARN_OBJC_ROOT_CLASS = YES_ERROR;
				CLANG_WARN_QUOTED_INCLUDE_IN_FRAMEWORK_HEADER = YES;
				CLANG_WARN_RANGE_LOOP_ANALYSIS = YES;
				CLANG_WARN_STRICT_PROTOTYPES = YES;
				CLANG_WARN_SUSPICIOUS_MOVE = YES;
				CLANG_WARN_UNGUARDED_AVAILABILITY = YES_AGGRESSIVE;
				CLANG_WARN_UNREACHABLE_CODE = YES;
				CLANG_WARN__DUPLICATE_METHOD_MATCH = YES;
				COPY_PHASE_STRIP = NO;
				DEBUG_INFORMATION_FORMAT = "dwarf-with-dsym";
				ENABLE_NS_ASSERTIONS = NO;
				ENABLE_STRICT_OBJC_MSGSEND = YES;
				ENABLE_USER_SCRIPT_SANDBOXING = YES;
				GCC_C_LANGUAGE_STANDARD = gnu17;
				GCC_NO_COMMON_BLOCKS = YES;
				GCC_WARN_64_TO_32_BIT_CONVERSION = YES;
				GCC_WARN_ABOUT_RETURN_TYPE = YES_ERROR;
				GCC_WARN_UNDECLARED_SELECTOR = YES;
				GCC_WARN_UNINITIALIZED_AUTOS = YES_AGGRESSIVE;
				GCC_WARN_UNUSED_FUNCTION = YES;
				GCC_WARN_UNUSED_VARIABLE = YES;
				IPHONEOS_DEPLOYMENT_TARGET = 17.5;
				LOCALIZATION_PREFERS_STRING_CATALOGS = YES;
				MTL_ENABLE_DEBUG_INFO = NO;
				MTL_FAST_MATH = YES;
				SDKROOT = iphoneos;
				SWIFT_COMPILATION_MODE = wholemodule;
				VALIDATE_PRODUCT = YES;
			};
			name = Release;
		};
		C731AE662C9DDFBC00A74170 /* Debug */ = {
			isa = XCBuildConfiguration;
			buildSettings = {
				ASSETCATALOG_COMPILER_APPICON_NAME = AppIcon;
				ASSETCATALOG_COMPILER_GLOBAL_ACCENT_COLOR_NAME = AccentColor;
				CODE_SIGN_STYLE = Automatic;
				CURRENT_PROJECT_VERSION = 1;
				DEVELOPMENT_ASSET_PATHS = "\"IMC/Preview Content\"";
				ENABLE_PREVIEWS = YES;
				GENERATE_INFOPLIST_FILE = YES;
				INFOPLIST_KEY_UIApplicationSceneManifest_Generation = YES;
				INFOPLIST_KEY_UIApplicationSupportsIndirectInputEvents = YES;
				INFOPLIST_KEY_UILaunchScreen_Generation = YES;
				INFOPLIST_KEY_UISupportedInterfaceOrientations_iPad = "UIInterfaceOrientationPortrait UIInterfaceOrientationPortraitUpsideDown UIInterfaceOrientationLandscapeLeft UIInterfaceOrientationLandscapeRight";
				INFOPLIST_KEY_UISupportedInterfaceOrientations_iPhone = "UIInterfaceOrientationPortrait UIInterfaceOrientationLandscapeLeft UIInterfaceOrientationLandscapeRight";
				LD_RUNPATH_SEARCH_PATHS = (
					"$(inherited)",
					"@executable_path/Frameworks",
				);
				MARKETING_VERSION = 1.0;
				PRODUCT_BUNDLE_IDENTIFIER = daniel.IMC;
				PRODUCT_NAME = "$(TARGET_NAME)";
				SWIFT_EMIT_LOC_STRINGS = YES;
				SWIFT_VERSION = 5.0;
				TARGETED_DEVICE_FAMILY = "1,2";
			};
			name = Debug;
		};
		C731AE672C9DDFBC00A74170 /* Release */ = {
			isa = XCBuildConfiguration;
			buildSettings = {
				ASSETCATALOG_COMPILER_APPICON_NAME = AppIcon;
				ASSETCATALOG_COMPILER_GLOBAL_ACCENT_COLOR_NAME = AccentColor;
				CODE_SIGN_STYLE = Automatic;
				CURRENT_PROJECT_VERSION = 1;
				DEVELOPMENT_ASSET_PATHS = "\"IMC/Preview Content\"";
				ENABLE_PREVIEWS = YES;
				GENERATE_INFOPLIST_FILE = YES;
				INFOPLIST_KEY_UIApplicationSceneManifest_Generation = YES;
				INFOPLIST_KEY_UIApplicationSupportsIndirectInputEvents = YES;
				INFOPLIST_KEY_UILaunchScreen_Generation = YES;
				INFOPLIST_KEY_UISupportedInterfaceOrientations_iPad = "UIInterfaceOrientationPortrait UIInterfaceOrientationPortraitUpsideDown UIInterfaceOrientationLandscapeLeft UIInterfaceOrientationLandscapeRight";
				INFOPLIST_KEY_UISupportedInterfaceOrientations_iPhone = "UIInterfaceOrientationPortrait UIInterfaceOrientationLandscapeLeft UIInterfaceOrientationLandscapeRight";
				LD_RUNPATH_SEARCH_PATHS = (
					"$(inherited)",
					"@executable_path/Frameworks",
				);
				MARKETING_VERSION = 1.0;
				PRODUCT_BUNDLE_IDENTIFIER = daniel.IMC;
				PRODUCT_NAME = "$(TARGET_NAME)";
				SWIFT_EMIT_LOC_STRINGS = YES;
				SWIFT_VERSION = 5.0;
				TARGETED_DEVICE_FAMILY = "1,2";
			};
			name = Release;
		};
		C731AE692C9DDFBC00A74170 /* Debug */ = {
			isa = XCBuildConfiguration;
			buildSettings = {
				ALWAYS_EMBED_SWIFT_STANDARD_LIBRARIES = YES;
				BUNDLE_LOADER = "$(TEST_HOST)";
				CODE_SIGN_STYLE = Automatic;
				CURRENT_PROJECT_VERSION = 1;
				GENERATE_INFOPLIST_FILE = YES;
				IPHONEOS_DEPLOYMENT_TARGET = 17.5;
				MARKETING_VERSION = 1.0;
				PRODUCT_BUNDLE_IDENTIFIER = daniel.IMCTests;
				PRODUCT_NAME = "$(TARGET_NAME)";
				SWIFT_EMIT_LOC_STRINGS = NO;
				SWIFT_VERSION = 5.0;
				TARGETED_DEVICE_FAMILY = "1,2";
				TEST_HOST = "$(BUILT_PRODUCTS_DIR)/IMC.app/$(BUNDLE_EXECUTABLE_FOLDER_PATH)/IMC";
			};
			name = Debug;
		};
		C731AE6A2C9DDFBC00A74170 /* Release */ = {
			isa = XCBuildConfiguration;
			buildSettings = {
				ALWAYS_EMBED_SWIFT_STANDARD_LIBRARIES = YES;
				BUNDLE_LOADER = "$(TEST_HOST)";
				CODE_SIGN_STYLE = Automatic;
				CURRENT_PROJECT_VERSION = 1;
				GENERATE_INFOPLIST_FILE = YES;
				IPHONEOS_DEPLOYMENT_TARGET = 17.5;
				MARKETING_VERSION = 1.0;
				PRODUCT_BUNDLE_IDENTIFIER = daniel.IMCTests;
				PRODUCT_NAME = "$(TARGET_NAME)";
				SWIFT_EMIT_LOC_STRINGS = NO;
				SWIFT_VERSION = 5.0;
				TARGETED_DEVICE_FAMILY = "1,2";
				TEST_HOST = "$(BUILT_PRODUCTS_DIR)/IMC.app/$(BUNDLE_EXECUTABLE_FOLDER_PATH)/IMC";
			};
			name = Release;
		};
		C731AE6C2C9DDFBC00A74170 /* Debug */ = {
			isa = XCBuildConfiguration;
			buildSettings = {
				ALWAYS_EMBED_SWIFT_STANDARD_LIBRARIES = YES;
				CODE_SIGN_STYLE = Automatic;
				CURRENT_PROJECT_VERSION = 1;
				GENERATE_INFOPLIST_FILE = YES;
				MARKETING_VERSION = 1.0;
				PRODUCT_BUNDLE_IDENTIFIER = daniel.IMCUITests;
				PRODUCT_NAME = "$(TARGET_NAME)";
				SWIFT_EMIT_LOC_STRINGS = NO;
				SWIFT_VERSION = 5.0;
				TARGETED_DEVICE_FAMILY = "1,2";
				TEST_TARGET_NAME = IMC;
			};
			name = Debug;
		};
		C731AE6D2C9DDFBC00A74170 /* Release */ = {
			isa = XCBuildConfiguration;
			buildSettings = {
				ALWAYS_EMBED_SWIFT_STANDARD_LIBRARIES = YES;
				CODE_SIGN_STYLE = Automatic;
				CURRENT_PROJECT_VERSION = 1;
				GENERATE_INFOPLIST_FILE = YES;
				MARKETING_VERSION = 1.0;
				PRODUCT_BUNDLE_IDENTIFIER = daniel.IMCUITests;
				PRODUCT_NAME = "$(TARGET_NAME)";
				SWIFT_EMIT_LOC_STRINGS = NO;
				SWIFT_VERSION = 5.0;
				TARGETED_DEVICE_FAMILY = "1,2";
				TEST_TARGET_NAME = IMC;
			};
			name = Release;
		};
/* End XCBuildConfiguration section */

/* Begin XCConfigurationList section */
		C731AE3C2C9DDFBA00A74170 /* Build configuration list for PBXProject "IMC" */ = {
			isa = XCConfigurationList;
			buildConfigurations = (
				C731AE632C9DDFBC00A74170 /* Debug */,
				C731AE642C9DDFBC00A74170 /* Release */,
			);
			defaultConfigurationIsVisible = 0;
			defaultConfigurationName = Release;
		};
		C731AE652C9DDFBC00A74170 /* Build configuration list for PBXNativeTarget "IMC" */ = {
			isa = XCConfigurationList;
			buildConfigurations = (
				C731AE662C9DDFBC00A74170 /* Debug */,
				C731AE672C9DDFBC00A74170 /* Release */,
			);
			defaultConfigurationIsVisible = 0;
			defaultConfigurationName = Release;
		};
		C731AE682C9DDFBC00A74170 /* Build configuration list for PBXNativeTarget "IMCTests" */ = {
			isa = XCConfigurationList;
			buildConfigurations = (
				C731AE692C9DDFBC00A74170 /* Debug */,
				C731AE6A2C9DDFBC00A74170 /* Release */,
			);
			defaultConfigurationIsVisible = 0;
			defaultConfigurationName = Release;
		};
		C731AE6B2C9DDFBC00A74170 /* Build configuration list for PBXNativeTarget "IMCUITests" */ = {
			isa = XCConfigurationList;
			buildConfigurations = (
				C731AE6C2C9DDFBC00A74170 /* Debug */,
				C731AE6D2C9DDFBC00A74170 /* Release */,
			);
			defaultConfigurationIsVisible = 0;
			defaultConfigurationName = Release;
		};
/* End XCConfigurationList section */
	};
	rootObject = C731AE392C9DDFBA00A74170 /* Project object */;
}
