// !$*UTF8*$!
{
	archiveVersion = 1;
	classes = {
	};
	objectVersion = 56;
	objects = {

/* Begin PBXBuildFile section */
		C731AF1D2CA3256100A74170 /* SpotifyApp.swift in Sources */ = {isa = PBXBuildFile; fileRef = C731AF1C2CA3256100A74170 /* SpotifyApp.swift */; };
		C731AF1F2CA3256100A74170 /* ContentView.swift in Sources */ = {isa = PBXBuildFile; fileRef = C731AF1E2CA3256100A74170 /* ContentView.swift */; };
		C731AF212CA3256300A74170 /* Assets.xcassets in Resources */ = {isa = PBXBuildFile; fileRef = C731AF202CA3256300A74170 /* Assets.xcassets */; };
		C731AF242CA3256300A74170 /* Preview Assets.xcassets in Resources */ = {isa = PBXBuildFile; fileRef = C731AF232CA3256300A74170 /* Preview Assets.xcassets */; };
		C731AF2B2CA4735E00A74170 /* PlaylistDetails.swift in Sources */ = {isa = PBXBuildFile; fileRef = C731AF2A2CA4735E00A74170 /* PlaylistDetails.swift */; };
		C731AF2D2CA474BD00A74170 /* SongScreen.swift in Sources */ = {isa = PBXBuildFile; fileRef = C731AF2C2CA474BD00A74170 /* SongScreen.swift */; };
		C731AF2F2CA4754800A74170 /* PlaylistComponent.swift in Sources */ = {isa = PBXBuildFile; fileRef = C731AF2E2CA4754800A74170 /* PlaylistComponent.swift */; };
		C731AF312CA4757B00A74170 /* SuggestedPlaylists.swift in Sources */ = {isa = PBXBuildFile; fileRef = C731AF302CA4757B00A74170 /* SuggestedPlaylists.swift */; };
		C731AF332CA475C500A74170 /* SongItem.swift in Sources */ = {isa = PBXBuildFile; fileRef = C731AF322CA475C500A74170 /* SongItem.swift */; };
		C731AF352CA475EC00A74170 /* SongsList.swift in Sources */ = {isa = PBXBuildFile; fileRef = C731AF342CA475EC00A74170 /* SongsList.swift */; };
		C731AF372CA47AA800A74170 /* Background.swift in Sources */ = {isa = PBXBuildFile; fileRef = C731AF362CA47AA800A74170 /* Background.swift */; };
		C731AF422CA5E63000A74170 /* the_emptiness_machine.wav in Resources */ = {isa = PBXBuildFile; fileRef = C731AF412CA5E63000A74170 /* the_emptiness_machine.wav */; };
		C731AF442CA5E7DC00A74170 /* in_the_end.wav in Resources */ = {isa = PBXBuildFile; fileRef = C731AF432CA5E7DC00A74170 /* in_the_end.wav */; };
		C731AF462CA5E7E500A74170 /* numb.wav in Resources */ = {isa = PBXBuildFile; fileRef = C731AF452CA5E7E500A74170 /* numb.wav */; };
/* End PBXBuildFile section */

/* Begin PBXFileReference section */
		C731AF192CA3256100A74170 /* Spotify.app */ = {isa = PBXFileReference; explicitFileType = wrapper.application; includeInIndex = 0; path = Spotify.app; sourceTree = BUILT_PRODUCTS_DIR; };
		C731AF1C2CA3256100A74170 /* SpotifyApp.swift */ = {isa = PBXFileReference; lastKnownFileType = sourcecode.swift; path = SpotifyApp.swift; sourceTree = "<group>"; };
		C731AF1E2CA3256100A74170 /* ContentView.swift */ = {isa = PBXFileReference; lastKnownFileType = sourcecode.swift; path = ContentView.swift; sourceTree = "<group>"; };
		C731AF202CA3256300A74170 /* Assets.xcassets */ = {isa = PBXFileReference; lastKnownFileType = folder.assetcatalog; path = Assets.xcassets; sourceTree = "<group>"; };
		C731AF232CA3256300A74170 /* Preview Assets.xcassets */ = {isa = PBXFileReference; lastKnownFileType = folder.assetcatalog; path = "Preview Assets.xcassets"; sourceTree = "<group>"; };
		C731AF2A2CA4735E00A74170 /* PlaylistDetails.swift */ = {isa = PBXFileReference; lastKnownFileType = sourcecode.swift; path = PlaylistDetails.swift; sourceTree = "<group>"; };
		C731AF2C2CA474BD00A74170 /* SongScreen.swift */ = {isa = PBXFileReference; lastKnownFileType = sourcecode.swift; path = SongScreen.swift; sourceTree = "<group>"; };
		C731AF2E2CA4754800A74170 /* PlaylistComponent.swift */ = {isa = PBXFileReference; lastKnownFileType = sourcecode.swift; path = PlaylistComponent.swift; sourceTree = "<group>"; };
		C731AF302CA4757B00A74170 /* SuggestedPlaylists.swift */ = {isa = PBXFileReference; lastKnownFileType = sourcecode.swift; path = SuggestedPlaylists.swift; sourceTree = "<group>"; };
		C731AF322CA475C500A74170 /* SongItem.swift */ = {isa = PBXFileReference; lastKnownFileType = sourcecode.swift; path = SongItem.swift; sourceTree = "<group>"; };
		C731AF342CA475EC00A74170 /* SongsList.swift */ = {isa = PBXFileReference; lastKnownFileType = sourcecode.swift; path = SongsList.swift; sourceTree = "<group>"; };
		C731AF362CA47AA800A74170 /* Background.swift */ = {isa = PBXFileReference; lastKnownFileType = sourcecode.swift; path = Background.swift; sourceTree = "<group>"; };
		C731AF412CA5E63000A74170 /* the_emptiness_machine.wav */ = {isa = PBXFileReference; lastKnownFileType = audio.wav; name = the_emptiness_machine.wav; path = ../../../../../Downloads/the_emptiness_machine.wav; sourceTree = "<group>"; };
		C731AF432CA5E7DC00A74170 /* in_the_end.wav */ = {isa = PBXFileReference; lastKnownFileType = audio.wav; name = in_the_end.wav; path = ../../../../../Downloads/in_the_end.wav; sourceTree = "<group>"; };
		C731AF452CA5E7E500A74170 /* numb.wav */ = {isa = PBXFileReference; lastKnownFileType = audio.wav; name = numb.wav; path = ../../../../../Downloads/numb.wav; sourceTree = "<group>"; };
/* End PBXFileReference section */

/* Begin PBXFrameworksBuildPhase section */
		C731AF162CA3256100A74170 /* Frameworks */ = {
			isa = PBXFrameworksBuildPhase;
			buildActionMask = 2147483647;
			files = (
			);
			runOnlyForDeploymentPostprocessing = 0;
		};
/* End PBXFrameworksBuildPhase section */

/* Begin PBXGroup section */
		C731AF102CA3256100A74170 = {
			isa = PBXGroup;
			children = (
				C731AF1B2CA3256100A74170 /* Spotify */,
				C731AF1A2CA3256100A74170 /* Products */,
			);
			sourceTree = "<group>";
		};
		C731AF1A2CA3256100A74170 /* Products */ = {
			isa = PBXGroup;
			children = (
				C731AF192CA3256100A74170 /* Spotify.app */,
			);
			name = Products;
			sourceTree = "<group>";
		};
		C731AF1B2CA3256100A74170 /* Spotify */ = {
			isa = PBXGroup;
			children = (
				C731AF1E2CA3256100A74170 /* ContentView.swift */,
				C731AF1C2CA3256100A74170 /* SpotifyApp.swift */,
				C731AF362CA47AA800A74170 /* Background.swift */,
				C731AF2E2CA4754800A74170 /* PlaylistComponent.swift */,
				C731AF2A2CA4735E00A74170 /* PlaylistDetails.swift */,
				C731AF322CA475C500A74170 /* SongItem.swift */,
				C731AF302CA4757B00A74170 /* SuggestedPlaylists.swift */,
				C731AF342CA475EC00A74170 /* SongsList.swift */,
				C731AF2C2CA474BD00A74170 /* SongScreen.swift */,
				C731AF202CA3256300A74170 /* Assets.xcassets */,
				C731AF222CA3256300A74170 /* Preview Content */,
			);
			path = Spotify;
			sourceTree = "<group>";
		};
		C731AF222CA3256300A74170 /* Preview Content */ = {
			isa = PBXGroup;
			children = (
				C731AF232CA3256300A74170 /* Preview Assets.xcassets */,
				C731AF412CA5E63000A74170 /* the_emptiness_machine.wav */,
				C731AF432CA5E7DC00A74170 /* in_the_end.wav */,
				C731AF452CA5E7E500A74170 /* numb.wav */,
			);
			path = "Preview Content";
			sourceTree = "<group>";
		};
/* End PBXGroup section */

/* Begin PBXNativeTarget section */
		C731AF182CA3256100A74170 /* Spotify */ = {
			isa = PBXNativeTarget;
			buildConfigurationList = C731AF272CA3256300A74170 /* Build configuration list for PBXNativeTarget "Spotify" */;
			buildPhases = (
				C731AF152CA3256100A74170 /* Sources */,
				C731AF162CA3256100A74170 /* Frameworks */,
				C731AF172CA3256100A74170 /* Resources */,
			);
			buildRules = (
			);
			dependencies = (
			);
			name = Spotify;
			productName = Spotify;
			productReference = C731AF192CA3256100A74170 /* Spotify.app */;
			productType = "com.apple.product-type.application";
		};
/* End PBXNativeTarget section */

/* Begin PBXProject section */
		C731AF112CA3256100A74170 /* Project object */ = {
			isa = PBXProject;
			attributes = {
				BuildIndependentTargetsInParallel = 1;
				LastSwiftUpdateCheck = 1540;
				LastUpgradeCheck = 1540;
				TargetAttributes = {
					C731AF182CA3256100A74170 = {
						CreatedOnToolsVersion = 15.4;
					};
				};
			};
			buildConfigurationList = C731AF142CA3256100A74170 /* Build configuration list for PBXProject "Spotify" */;
			compatibilityVersion = "Xcode 14.0";
			developmentRegion = en;
			hasScannedForEncodings = 0;
			knownRegions = (
				en,
				Base,
			);
			mainGroup = C731AF102CA3256100A74170;
			productRefGroup = C731AF1A2CA3256100A74170 /* Products */;
			projectDirPath = "";
			projectRoot = "";
			targets = (
				C731AF182CA3256100A74170 /* Spotify */,
			);
		};
/* End PBXProject section */

/* Begin PBXResourcesBuildPhase section */
		C731AF172CA3256100A74170 /* Resources */ = {
			isa = PBXResourcesBuildPhase;
			buildActionMask = 2147483647;
			files = (
				C731AF462CA5E7E500A74170 /* numb.wav in Resources */,
				C731AF242CA3256300A74170 /* Preview Assets.xcassets in Resources */,
				C731AF422CA5E63000A74170 /* the_emptiness_machine.wav in Resources */,
				C731AF212CA3256300A74170 /* Assets.xcassets in Resources */,
				C731AF442CA5E7DC00A74170 /* in_the_end.wav in Resources */,
			);
			runOnlyForDeploymentPostprocessing = 0;
		};
/* End PBXResourcesBuildPhase section */

/* Begin PBXSourcesBuildPhase section */
		C731AF152CA3256100A74170 /* Sources */ = {
			isa = PBXSourcesBuildPhase;
			buildActionMask = 2147483647;
			files = (
				C731AF1F2CA3256100A74170 /* ContentView.swift in Sources */,
				C731AF332CA475C500A74170 /* SongItem.swift in Sources */,
				C731AF352CA475EC00A74170 /* SongsList.swift in Sources */,
				C731AF2B2CA4735E00A74170 /* PlaylistDetails.swift in Sources */,
				C731AF312CA4757B00A74170 /* SuggestedPlaylists.swift in Sources */,
				C731AF372CA47AA800A74170 /* Background.swift in Sources */,
				C731AF2D2CA474BD00A74170 /* SongScreen.swift in Sources */,
				C731AF1D2CA3256100A74170 /* SpotifyApp.swift in Sources */,
				C731AF2F2CA4754800A74170 /* PlaylistComponent.swift in Sources */,
			);
			runOnlyForDeploymentPostprocessing = 0;
		};
/* End PBXSourcesBuildPhase section */

/* Begin XCBuildConfiguration section */
		C731AF252CA3256300A74170 /* Debug */ = {
			isa = XCBuildConfiguration;
			buildSettings = {
				ALWAYS_SEARCH_USER_PATHS = NO;
				ASSETCATALOG_COMPILER_GENERATE_SWIFT_ASSET_SYMBOL_EXTENSIONS = YES;
				CLANG_ANALYZER_NONNULL = YES;
				CLANG_ANALYZER_NUMBER_OBJECT_CONVERSION = YES_AGGRESSIVE;
				CLANG_CXX_LANGUAGE_STANDARD = "gnu++20";
				CLANG_ENABLE_MODULES = YES;
				CLANG_ENABLE_OBJC_ARC = YES;
				CLANG_ENABLE_OBJC_WEAK = YES;
				CLANG_WARN_BLOCK_CAPTURE_AUTORELEASING = YES;
				CLANG_WARN_BOOL_CONVERSION = YES;
				CLANG_WARN_COMMA = YES;
				CLANG_WARN_CONSTANT_CONVERSION = YES;
				CLANG_WARN_DEPRECATED_OBJC_IMPLEMENTATIONS = YES;
				CLANG_WARN_DIRECT_OBJC_ISA_USAGE = YES_ERROR;
				CLANG_WARN_DOCUMENTATION_COMMENTS = YES;
				CLANG_WARN_EMPTY_BODY = YES;
				CLANG_WARN_ENUM_CONVERSION = YES;
				CLANG_WARN_INFINITE_RECURSION = YES;
				CLANG_WARN_INT_CONVERSION = YES;
				CLANG_WARN_NON_LITERAL_NULL_CONVERSION = YES;
				CLANG_WARN_OBJC_IMPLICIT_RETAIN_SELF = YES;
				CLANG_WARN_OBJC_LITERAL_CONVERSION = YES;
				CLANG_WARN_OBJC_ROOT_CLASS = YES_ERROR;
				CLANG_WARN_QUOTED_INCLUDE_IN_FRAMEWORK_HEADER = YES;
				CLANG_WARN_RANGE_LOOP_ANALYSIS = YES;
				CLANG_WARN_STRICT_PROTOTYPES = YES;
				CLANG_WARN_SUSPICIOUS_MOVE = YES;
				CLANG_WARN_UNGUARDED_AVAILABILITY = YES_AGGRESSIVE;
				CLANG_WARN_UNREACHABLE_CODE = YES;
				CLANG_WARN__DUPLICATE_METHOD_MATCH = YES;
				COPY_PHASE_STRIP = NO;
				DEBUG_INFORMATION_FORMAT = dwarf;
				ENABLE_STRICT_OBJC_MSGSEND = YES;
				ENABLE_TESTABILITY = YES;
				ENABLE_USER_SCRIPT_SANDBOXING = YES;
				GCC_C_LANGUAGE_STANDARD = gnu17;
				GCC_DYNAMIC_NO_PIC = NO;
				GCC_NO_COMMON_BLOCKS = YES;
				GCC_OPTIMIZATION_LEVEL = 0;
				GCC_PREPROCESSOR_DEFINITIONS = (
					"DEBUG=1",
					"$(inherited)",
				);
				GCC_WARN_64_TO_32_BIT_CONVERSION = YES;
				GCC_WARN_ABOUT_RETURN_TYPE = YES_ERROR;
				GCC_WARN_UNDECLARED_SELECTOR = YES;
				GCC_WARN_UNINITIALIZED_AUTOS = YES_AGGRESSIVE;
				GCC_WARN_UNUSED_FUNCTION = YES;
				GCC_WARN_UNUSED_VARIABLE = YES;
				IPHONEOS_DEPLOYMENT_TARGET = 17.5;
				LOCALIZATION_PREFERS_STRING_CATALOGS = YES;
				MTL_ENABLE_DEBUG_INFO = INCLUDE_SOURCE;
				MTL_FAST_MATH = YES;
				ONLY_ACTIVE_ARCH = YES;
				SDKROOT = iphoneos;
				SWIFT_ACTIVE_COMPILATION_CONDITIONS = "DEBUG $(inherited)";
				SWIFT_OPTIMIZATION_LEVEL = "-Onone";
			};
			name = Debug;
		};
		C731AF262CA3256300A74170 /* Release */ = {
			isa = XCBuildConfiguration;
			buildSettings = {
				ALWAYS_SEARCH_USER_PATHS = NO;
				ASSETCATALOG_COMPILER_GENERATE_SWIFT_ASSET_SYMBOL_EXTENSIONS = YES;
				CLANG_ANALYZER_NONNULL = YES;
				CLANG_ANALYZER_NUMBER_OBJECT_CONVERSION = YES_AGGRESSIVE;
				CLANG_CXX_LANGUAGE_STANDARD = "gnu++20";
				CLANG_ENABLE_MODULES = YES;
				CLANG_ENABLE_OBJC_ARC = YES;
				CLANG_ENABLE_OBJC_WEAK = YES;
				CLANG_WARN_BLOCK_CAPTURE_AUTORELEASING = YES;
				CLANG_WARN_BOOL_CONVERSION = YES;
				CLANG_WARN_COMMA = YES;
				CLANG_WARN_CONSTANT_CONVERSION = YES;
				CLANG_WARN_DEPRECATED_OBJC_IMPLEMENTATIONS = YES;
				CLANG_WARN_DIRECT_OBJC_ISA_USAGE = YES_ERROR;
				CLANG_WARN_DOCUMENTATION_COMMENTS = YES;
				CLANG_WARN_EMPTY_BODY = YES;
				CLANG_WARN_ENUM_CONVERSION = YES;
				CLANG_WARN_INFINITE_RECURSION = YES;
				CLANG_WARN_INT_CONVERSION = YES;
				CLANG_WARN_NON_LITERAL_NULL_CONVERSION = YES;
				CLANG_WARN_OBJC_IMPLICIT_RETAIN_SELF = YES;
				CLANG_WARN_OBJC_LITERAL_CONVERSION = YES;
				CLANG_WARN_OBJC_ROOT_CLASS = YES_ERROR;
				CLANG_WARN_QUOTED_INCLUDE_IN_FRAMEWORK_HEADER = YES;
				CLANG_WARN_RANGE_LOOP_ANALYSIS = YES;
				CLANG_WARN_STRICT_PROTOTYPES = YES;
				CLANG_WARN_SUSPICIOUS_MOVE = YES;
				CLANG_WARN_UNGUARDED_AVAILABILITY = YES_AGGRESSIVE;
				CLANG_WARN_UNREACHABLE_CODE = YES;
				CLANG_WARN__DUPLICATE_METHOD_MATCH = YES;
				COPY_PHASE_STRIP = NO;
				DEBUG_INFORMATION_FORMAT = "dwarf-with-dsym";
				ENABLE_NS_ASSERTIONS = NO;
				ENABLE_STRICT_OBJC_MSGSEND = YES;
				ENABLE_USER_SCRIPT_SANDBOXING = YES;
				GCC_C_LANGUAGE_STANDARD = gnu17;
				GCC_NO_COMMON_BLOCKS = YES;
				GCC_WARN_64_TO_32_BIT_CONVERSION = YES;
				GCC_WARN_ABOUT_RETURN_TYPE = YES_ERROR;
				GCC_WARN_UNDECLARED_SELECTOR = YES;
				GCC_WARN_UNINITIALIZED_AUTOS = YES_AGGRESSIVE;
				GCC_WARN_UNUSED_FUNCTION = YES;
				GCC_WARN_UNUSED_VARIABLE = YES;
				IPHONEOS_DEPLOYMENT_TARGET = 17.5;
				LOCALIZATION_PREFERS_STRING_CATALOGS = YES;
				MTL_ENABLE_DEBUG_INFO = NO;
				MTL_FAST_MATH = YES;
				SDKROOT = iphoneos;
				SWIFT_COMPILATION_MODE = wholemodule;
				VALIDATE_PRODUCT = YES;
			};
			name = Release;
		};
		C731AF282CA3256300A74170 /* Debug */ = {
			isa = XCBuildConfiguration;
			buildSettings = {
				ASSETCATALOG_COMPILER_APPICON_NAME = AppIcon;
				ASSETCATALOG_COMPILER_GLOBAL_ACCENT_COLOR_NAME = AccentColor;
				CODE_SIGN_STYLE = Automatic;
				CURRENT_PROJECT_VERSION = 1;
				DEVELOPMENT_ASSET_PATHS = "\"Spotify/Preview Content\"";
				ENABLE_PREVIEWS = YES;
				GENERATE_INFOPLIST_FILE = YES;
				INFOPLIST_KEY_UIApplicationSceneManifest_Generation = YES;
				INFOPLIST_KEY_UIApplicationSupportsIndirectInputEvents = YES;
				INFOPLIST_KEY_UILaunchScreen_Generation = YES;
				INFOPLIST_KEY_UISupportedInterfaceOrientations_iPad = "UIInterfaceOrientationPortrait UIInterfaceOrientationPortraitUpsideDown UIInterfaceOrientationLandscapeLeft UIInterfaceOrientationLandscapeRight";
				INFOPLIST_KEY_UISupportedInterfaceOrientations_iPhone = "UIInterfaceOrientationPortrait UIInterfaceOrientationLandscapeLeft UIInterfaceOrientationLandscapeRight";
				LD_RUNPATH_SEARCH_PATHS = (
					"$(inherited)",
					"@executable_path/Frameworks",
				);
				MARKETING_VERSION = 1.0;
				PRODUCT_BUNDLE_IDENTIFIER = daniel.Spotify;
				PRODUCT_NAME = "$(TARGET_NAME)";
				SWIFT_EMIT_LOC_STRINGS = YES;
				SWIFT_VERSION = 5.0;
				TARGETED_DEVICE_FAMILY = "1,2";
			};
			name = Debug;
		};
		C731AF292CA3256300A74170 /* Release */ = {
			isa = XCBuildConfiguration;
			buildSettings = {
				ASSETCATALOG_COMPILER_APPICON_NAME = AppIcon;
				ASSETCATALOG_COMPILER_GLOBAL_ACCENT_COLOR_NAME = AccentColor;
				CODE_SIGN_STYLE = Automatic;
				CURRENT_PROJECT_VERSION = 1;
				DEVELOPMENT_ASSET_PATHS = "\"Spotify/Preview Content\"";
				ENABLE_PREVIEWS = YES;
				GENERATE_INFOPLIST_FILE = YES;
				INFOPLIST_KEY_UIApplicationSceneManifest_Generation = YES;
				INFOPLIST_KEY_UIApplicationSupportsIndirectInputEvents = YES;
				INFOPLIST_KEY_UILaunchScreen_Generation = YES;
				INFOPLIST_KEY_UISupportedInterfaceOrientations_iPad = "UIInterfaceOrientationPortrait UIInterfaceOrientationPortraitUpsideDown UIInterfaceOrientationLandscapeLeft UIInterfaceOrientationLandscapeRight";
				INFOPLIST_KEY_UISupportedInterfaceOrientations_iPhone = "UIInterfaceOrientationPortrait UIInterfaceOrientationLandscapeLeft UIInterfaceOrientationLandscapeRight";
				LD_RUNPATH_SEARCH_PATHS = (
					"$(inherited)",
					"@executable_path/Frameworks",
				);
				MARKETING_VERSION = 1.0;
				PRODUCT_BUNDLE_IDENTIFIER = daniel.Spotify;
				PRODUCT_NAME = "$(TARGET_NAME)";
				SWIFT_EMIT_LOC_STRINGS = YES;
				SWIFT_VERSION = 5.0;
				TARGETED_DEVICE_FAMILY = "1,2";
			};
			name = Release;
		};
/* End XCBuildConfiguration section */

/* Begin XCConfigurationList section */
		C731AF142CA3256100A74170 /* Build configuration list for PBXProject "Spotify" */ = {
			isa = XCConfigurationList;
			buildConfigurations = (
				C731AF252CA3256300A74170 /* Debug */,
				C731AF262CA3256300A74170 /* Release */,
			);
			defaultConfigurationIsVisible = 0;
			defaultConfigurationName = Release;
		};
		C731AF272CA3256300A74170 /* Build configuration list for PBXNativeTarget "Spotify" */ = {
			isa = XCConfigurationList;
			buildConfigurations = (
				C731AF282CA3256300A74170 /* Debug */,
				C731AF292CA3256300A74170 /* Release */,
			);
			defaultConfigurationIsVisible = 0;
			defaultConfigurationName = Release;
		};
/* End XCConfigurationList section */
	};
	rootObject = C731AF112CA3256100A74170 /* Project object */;
}
